
Microsoft Visual Studio Solution File, Format Version 12.00
Project("{FAE04EC0-301F-11D3-BF4B-00C04F79EFBC}") = "RestoPilot", "RestoPilot\RestoPilot.csproj", "{5BA2106D-0960-4B89-BC4F-87B5DAA393FF}"
EndProject
Project("{FAE04EC0-301F-11D3-BF4B-00C04F79EFBC}") = "RestoPilotTest", "RestoPilotTest\RestoPilotTest.csproj", "{E81A2DCE-5329-4562-979F-7B345B93A5EF}"
EndProject
Project("{FAE04EC0-301F-11D3-BF4B-00C04F79EFBC}") = "TestProject2", "TestProject2\TestProject2.csproj", "{1C6AB8A9-C555-4310-891D-FDB2C88F07D4}"
EndProject
Global
	GlobalSection(SolutionConfigurationPlatforms) = preSolution
		Debug|Any CPU = Debug|Any CPU
		Release|Any CPU = Release|Any CPU
	EndGlobalSection
	GlobalSection(ProjectConfigurationPlatforms) = postSolution
		{5BA2106D-0960-4B89-BC4F-87B5DAA393FF}.Debug|Any CPU.ActiveCfg = Debug|Any CPU
		{5BA2106D-0960-4B89-BC4F-87B5DAA393FF}.Debug|Any CPU.Build.0 = Debug|Any CPU
		{5BA2106D-0960-4B89-BC4F-87B5DAA393FF}.Release|Any CPU.ActiveCfg = Release|Any CPU
		{5BA2106D-0960-4B89-BC4F-87B5DAA393FF}.Release|Any CPU.Build.0 = Release|Any CPU
		{E81A2DCE-5329-4562-979F-7B345B93A5EF}.Debug|Any CPU.ActiveCfg = Debug|Any CPU
		{E81A2DCE-5329-4562-979F-7B345B93A5EF}.Debug|Any CPU.Build.0 = Debug|Any CPU
		{E81A2DCE-5329-4562-979F-7B345B93A5EF}.Release|Any CPU.ActiveCfg = Release|Any CPU
		{E81A2DCE-5329-4562-979F-7B345B93A5EF}.Release|Any CPU.Build.0 = Release|Any CPU
		{1C6AB8A9-C555-4310-891D-FDB2C88F07D4}.Debug|Any CPU.ActiveCfg = Debug|Any CPU
		{1C6AB8A9-C555-4310-891D-FDB2C88F07D4}.Debug|Any CPU.Build.0 = Debug|Any CPU
		{1C6AB8A9-C555-4310-891D-FDB2C88F07D4}.Release|Any CPU.ActiveCfg = Release|Any CPU
		{1C6AB8A9-C555-4310-891D-FDB2C88F07D4}.Release|Any CPU.Build.0 = Release|Any CPU
	EndGlobalSection
EndGlobal
